
Microsoft Visual Studio Solution File, Format Version 12.00
Project("{2150E333-8FDC-42A3-9474-1A3956D46DE8}") = "Server", "Server", "{FBD2F07A-70F1-49A4-AC1E-A20FAA62506B}"
EndProject
Project("{FAE04EC0-301F-11D3-BF4B-00C04F79EFBC}") = "Entities", "Server\Entities\Entities.csproj", "{976F3F2A-7B04-493A-86A7-6925E2120D41}"
EndProject
Project("{FAE04EC0-301F-11D3-BF4B-00C04F79EFBC}") = "RepositoryContracts", "Server\RepositoryContracts\RepositoryContracts.csproj", "{6127657C-B497-44FE-A6B1-2211C735FA90}"
EndProject
Project("{FAE04EC0-301F-11D3-BF4B-00C04F79EFBC}") = "InMemoryRepositories", "Server\InMemoryRepositories\InMemoryRepositories.csproj", "{0F925209-4BDE-49B1-867F-E93981715259}"
EndProject
Project("{FAE04EC0-301F-11D3-BF4B-00C04F79EFBC}") = "CLI", "Server\CLI\CLI.csproj", "{B34601E6-CE23-4D5B-A871-74DB50AA4323}"
EndProject
Project("{FAE04EC0-301F-11D3-BF4B-00C04F79EFBC}") = "FileRepositories", "Server\FileRepositories\FileRepositories.csproj", "{A995AD82-A209-4212-AEEA-1AD2C534B3E0}"
EndProject
Global
	GlobalSection(SolutionConfigurationPlatforms) = preSolution
		Debug|Any CPU = Debug|Any CPU
		Release|Any CPU = Release|Any CPU
	EndGlobalSection
	GlobalSection(NestedProjects) = preSolution
		{976F3F2A-7B04-493A-86A7-6925E2120D41} = {FBD2F07A-70F1-49A4-AC1E-A20FAA62506B}
		{6127657C-B497-44FE-A6B1-2211C735FA90} = {FBD2F07A-70F1-49A4-AC1E-A20FAA62506B}
		{0F925209-4BDE-49B1-867F-E93981715259} = {FBD2F07A-70F1-49A4-AC1E-A20FAA62506B}
		{B34601E6-CE23-4D5B-A871-74DB50AA4323} = {FBD2F07A-70F1-49A4-AC1E-A20FAA62506B}
		{A995AD82-A209-4212-AEEA-1AD2C534B3E0} = {FBD2F07A-70F1-49A4-AC1E-A20FAA62506B}
	EndGlobalSection
	GlobalSection(ProjectConfigurationPlatforms) = postSolution
		{976F3F2A-7B04-493A-86A7-6925E2120D41}.Debug|Any CPU.ActiveCfg = Debug|Any CPU
		{976F3F2A-7B04-493A-86A7-6925E2120D41}.Debug|Any CPU.Build.0 = Debug|Any CPU
		{976F3F2A-7B04-493A-86A7-6925E2120D41}.Release|Any CPU.ActiveCfg = Release|Any CPU
		{976F3F2A-7B04-493A-86A7-6925E2120D41}.Release|Any CPU.Build.0 = Release|Any CPU
		{6127657C-B497-44FE-A6B1-2211C735FA90}.Debug|Any CPU.ActiveCfg = Debug|Any CPU
		{6127657C-B497-44FE-A6B1-2211C735FA90}.Debug|Any CPU.Build.0 = Debug|Any CPU
		{6127657C-B497-44FE-A6B1-2211C735FA90}.Release|Any CPU.ActiveCfg = Release|Any CPU
		{6127657C-B497-44FE-A6B1-2211C735FA90}.Release|Any CPU.Build.0 = Release|Any CPU
		{0F925209-4BDE-49B1-867F-E93981715259}.Debug|Any CPU.ActiveCfg = Debug|Any CPU
		{0F925209-4BDE-49B1-867F-E93981715259}.Debug|Any CPU.Build.0 = Debug|Any CPU
		{0F925209-4BDE-49B1-867F-E93981715259}.Release|Any CPU.ActiveCfg = Release|Any CPU
		{0F925209-4BDE-49B1-867F-E93981715259}.Release|Any CPU.Build.0 = Release|Any CPU
		{B34601E6-CE23-4D5B-A871-74DB50AA4323}.Debug|Any CPU.ActiveCfg = Debug|Any CPU
		{B34601E6-CE23-4D5B-A871-74DB50AA4323}.Debug|Any CPU.Build.0 = Debug|Any CPU
		{B34601E6-CE23-4D5B-A871-74DB50AA4323}.Release|Any CPU.ActiveCfg = Release|Any CPU
		{B34601E6-CE23-4D5B-A871-74DB50AA4323}.Release|Any CPU.Build.0 = Release|Any CPU
		{A995AD82-A209-4212-AEEA-1AD2C534B3E0}.Debug|Any CPU.ActiveCfg = Debug|Any CPU
		{A995AD82-A209-4212-AEEA-1AD2C534B3E0}.Debug|Any CPU.Build.0 = Debug|Any CPU
		{A995AD82-A209-4212-AEEA-1AD2C534B3E0}.Release|Any CPU.ActiveCfg = Release|Any CPU
		{A995AD82-A209-4212-AEEA-1AD2C534B3E0}.Release|Any CPU.Build.0 = Release|Any CPU
	EndGlobalSection
EndGlobal
